// !$*UTF8*$!
{
	archiveVersion = 1;
	classes = {
	};
	objectVersion = 45;
	objects = {

/* Begin PBXBuildFile section */
		1D3623260D0F684500981E51 /* MilesTrackerAppDelegate.m in Sources */ = {isa = PBXBuildFile; fileRef = 1D3623250D0F684500981E51 /* MilesTrackerAppDelegate.m */; };
		1D60589B0D05DD56006BFB54 /* main.m in Sources */ = {isa = PBXBuildFile; fileRef = 29B97316FDCFA39411CA2CEA /* main.m */; };
		1D60589F0D05DD5A006BFB54 /* Foundation.framework in Frameworks */ = {isa = PBXBuildFile; fileRef = 1D30AB110D05D00D00671497 /* Foundation.framework */; };
		1DF5F4E00D08C38300B7A737 /* UIKit.framework in Frameworks */ = {isa = PBXBuildFile; fileRef = 1DF5F4DF0D08C38300B7A737 /* UIKit.framework */; };
		272C8D14114ADD9B00B641C4 /* MainWindow.xib in Resources */ = {isa = PBXBuildFile; fileRef = 272C8D13114ADD9B00B641C4 /* MainWindow.xib */; };
		272C8D17114ADE8700B641C4 /* history.png in Resources */ = {isa = PBXBuildFile; fileRef = 272C8D16114ADE8700B641C4 /* history.png */; };
		272C8D19114ADE9B00B641C4 /* settings.png in Resources */ = {isa = PBXBuildFile; fileRef = 272C8D18114ADE9B00B641C4 /* settings.png */; };
		272C8D1B114ADEA400B641C4 /* share.png in Resources */ = {isa = PBXBuildFile; fileRef = 272C8D1A114ADEA400B641C4 /* share.png */; };
		272C8D1D114ADED000B641C4 /* track.png in Resources */ = {isa = PBXBuildFile; fileRef = 272C8D1C114ADED000B641C4 /* track.png */; };
		272C8D22114ADF6F00B641C4 /* TrackView.xib in Resources */ = {isa = PBXBuildFile; fileRef = 272C8D21114ADF6F00B641C4 /* TrackView.xib */; };
		272C8D26114ADF7F00B641C4 /* ShareView.xib in Resources */ = {isa = PBXBuildFile; fileRef = 272C8D25114ADF7F00B641C4 /* ShareView.xib */; };
		272C8D2A114ADF8A00B641C4 /* SettingsView.xib in Resources */ = {isa = PBXBuildFile; fileRef = 272C8D29114ADF8A00B641C4 /* SettingsView.xib */; };
		272C8D3D114AE73300B641C4 /* SettingsViewController.m in Sources */ = {isa = PBXBuildFile; fileRef = 272C8D3C114AE73300B641C4 /* SettingsViewController.m */; };
		272C8D49114AE84100B641C4 /* ShareViewController.m in Sources */ = {isa = PBXBuildFile; fileRef = 272C8D48114AE84100B641C4 /* ShareViewController.m */; };
		272C8D54114AE9EE00B641C4 /* TrackViewController.m in Sources */ = {isa = PBXBuildFile; fileRef = 272C8D53114AE9EE00B641C4 /* TrackViewController.m */; };
		272C8DA5114AEEA000B641C4 /* HistoryControllerDelegate.m in Sources */ = {isa = PBXBuildFile; fileRef = 272C8DA4114AEEA000B641C4 /* HistoryControllerDelegate.m */; };
		272C8F0D114B470900B641C4 /* HistoryViewTableCell.xib in Resources */ = {isa = PBXBuildFile; fileRef = 272C8F0C114B470900B641C4 /* HistoryViewTableCell.xib */; };
		272C8F6D114D997000B641C4 /* EventEditorView.xib in Resources */ = {isa = PBXBuildFile; fileRef = 272C8F6C114D997000B641C4 /* EventEditorView.xib */; };
		272C8F85114DA2FC00B641C4 /* EventEditorViewController.m in Sources */ = {isa = PBXBuildFile; fileRef = 272C8F84114DA2FC00B641C4 /* EventEditorViewController.m */; };
		272C902D114DDE5300B641C4 /* EventAddViewController.m in Sources */ = {isa = PBXBuildFile; fileRef = 272C902B114DDE5300B641C4 /* EventAddViewController.m */; };
		272C9037114DE48600B641C4 /* EventAddView.xib in Resources */ = {isa = PBXBuildFile; fileRef = 272C9036114DE48600B641C4 /* EventAddView.xib */; };
		272C908F1152732C00B641C4 /* MilesTracker.xcdatamodeld in Sources */ = {isa = PBXBuildFile; fileRef = 272C908E1152732C00B641C4 /* MilesTracker.xcdatamodeld */; };
		272C90D31152785A00B641C4 /* Event.m in Sources */ = {isa = PBXBuildFile; fileRef = 272C90D21152785A00B641C4 /* Event.m */; };
		28860BE50F44EE6400985440 /* CoreData.framework in Frameworks */ = {isa = PBXBuildFile; fileRef = 28860BE40F44EE6400985440 /* CoreData.framework */; };
		2892E4100DC94CBA00A64D0F /* CoreGraphics.framework in Frameworks */ = {isa = PBXBuildFile; fileRef = 2892E40F0DC94CBA00A64D0F /* CoreGraphics.framework */; };
		2899E5600DE3E45000AC0155 /* HistoryView.xib in Resources */ = {isa = PBXBuildFile; fileRef = 2899E55F0DE3E45000AC0155 /* HistoryView.xib */; };
		28C286E10D94DF7D0034E888 /* HistoryTableViewController.m in Sources */ = {isa = PBXBuildFile; fileRef = 28C286E00D94DF7D0034E888 /* HistoryTableViewController.m */; };
/* End PBXBuildFile section */

/* Begin PBXFileReference section */
		1D30AB110D05D00D00671497 /* Foundation.framework */ = {isa = PBXFileReference; lastKnownFileType = wrapper.framework; name = Foundation.framework; path = System/Library/Frameworks/Foundation.framework; sourceTree = SDKROOT; };
		1D3623240D0F684500981E51 /* MilesTrackerAppDelegate.h */ = {isa = PBXFileReference; fileEncoding = 4; lastKnownFileType = sourcecode.c.h; path = MilesTrackerAppDelegate.h; sourceTree = "<group>"; };
		1D3623250D0F684500981E51 /* MilesTrackerAppDelegate.m */ = {isa = PBXFileReference; fileEncoding = 4; lastKnownFileType = sourcecode.c.objc; path = MilesTrackerAppDelegate.m; sourceTree = "<group>"; };
		1D6058910D05DD3D006BFB54 /* MilesTracker.app */ = {isa = PBXFileReference; explicitFileType = wrapper.application; includeInIndex = 0; path = MilesTracker.app; sourceTree = BUILT_PRODUCTS_DIR; };
		1DF5F4DF0D08C38300B7A737 /* UIKit.framework */ = {isa = PBXFileReference; lastKnownFileType = wrapper.framework; name = UIKit.framework; path = System/Library/Frameworks/UIKit.framework; sourceTree = SDKROOT; };
		272C8D13114ADD9B00B641C4 /* MainWindow.xib */ = {isa = PBXFileReference; lastKnownFileType = file.xib; path = MainWindow.xib; sourceTree = "<group>"; };
		272C8D16114ADE8700B641C4 /* history.png */ = {isa = PBXFileReference; lastKnownFileType = image.png; path = history.png; sourceTree = "<group>"; };
		272C8D18114ADE9B00B641C4 /* settings.png */ = {isa = PBXFileReference; lastKnownFileType = image.png; path = settings.png; sourceTree = "<group>"; };
		272C8D1A114ADEA400B641C4 /* share.png */ = {isa = PBXFileReference; lastKnownFileType = image.png; path = share.png; sourceTree = "<group>"; };
		272C8D1C114ADED000B641C4 /* track.png */ = {isa = PBXFileReference; lastKnownFileType = image.png; path = track.png; sourceTree = "<group>"; };
		272C8D21114ADF6F00B641C4 /* TrackView.xib */ = {isa = PBXFileReference; lastKnownFileType = file.xib; path = TrackView.xib; sourceTree = "<group>"; };
		272C8D25114ADF7F00B641C4 /* ShareView.xib */ = {isa = PBXFileReference; lastKnownFileType = file.xib; path = ShareView.xib; sourceTree = "<group>"; };
		272C8D29114ADF8A00B641C4 /* SettingsView.xib */ = {isa = PBXFileReference; lastKnownFileType = file.xib; path = SettingsView.xib; sourceTree = "<group>"; };
		272C8D3B114AE73300B641C4 /* SettingsViewController.h */ = {isa = PBXFileReference; fileEncoding = 4; lastKnownFileType = sourcecode.c.h; name = SettingsViewController.h; path = Classes/SettingsViewController.h; sourceTree = "<group>"; };
		272C8D3C114AE73300B641C4 /* SettingsViewController.m */ = {isa = PBXFileReference; fileEncoding = 4; lastKnownFileType = sourcecode.c.objc; name = SettingsViewController.m; path = Classes/SettingsViewController.m; sourceTree = "<group>"; };
		272C8D47114AE84100B641C4 /* ShareViewController.h */ = {isa = PBXFileReference; fileEncoding = 4; lastKnownFileType = sourcecode.c.h; name = ShareViewController.h; path = Classes/ShareViewController.h; sourceTree = "<group>"; };
		272C8D48114AE84100B641C4 /* ShareViewController.m */ = {isa = PBXFileReference; fileEncoding = 4; lastKnownFileType = sourcecode.c.objc; name = ShareViewController.m; path = Classes/ShareViewController.m; sourceTree = "<group>"; };
		272C8D52114AE9EE00B641C4 /* TrackViewController.h */ = {isa = PBXFileReference; fileEncoding = 4; lastKnownFileType = sourcecode.c.h; path = TrackViewController.h; sourceTree = "<group>"; };
		272C8D53114AE9EE00B641C4 /* TrackViewController.m */ = {isa = PBXFileReference; fileEncoding = 4; lastKnownFileType = sourcecode.c.objc; path = TrackViewController.m; sourceTree = "<group>"; };
		272C8DA3114AEEA000B641C4 /* HistoryControllerDelegate.h */ = {isa = PBXFileReference; fileEncoding = 4; lastKnownFileType = sourcecode.c.h; path = HistoryControllerDelegate.h; sourceTree = "<group>"; };
		272C8DA4114AEEA000B641C4 /* HistoryControllerDelegate.m */ = {isa = PBXFileReference; fileEncoding = 4; lastKnownFileType = sourcecode.c.objc; path = HistoryControllerDelegate.m; sourceTree = "<group>"; };
		272C8F0C114B470900B641C4 /* HistoryViewTableCell.xib */ = {isa = PBXFileReference; lastKnownFileType = file.xib; path = HistoryViewTableCell.xib; sourceTree = "<group>"; };
		272C8F6C114D997000B641C4 /* EventEditorView.xib */ = {isa = PBXFileReference; lastKnownFileType = file.xib; path = EventEditorView.xib; sourceTree = "<group>"; };
		272C8F83114DA2FC00B641C4 /* EventEditorViewController.h */ = {isa = PBXFileReference; fileEncoding = 4; lastKnownFileType = sourcecode.c.h; path = EventEditorViewController.h; sourceTree = "<group>"; };
		272C8F84114DA2FC00B641C4 /* EventEditorViewController.m */ = {isa = PBXFileReference; fileEncoding = 4; lastKnownFileType = sourcecode.c.objc; path = EventEditorViewController.m; sourceTree = "<group>"; };
		272C902A114DDE5300B641C4 /* EventAddViewController.h */ = {isa = PBXFileReference; fileEncoding = 4; lastKnownFileType = sourcecode.c.h; path = EventAddViewController.h; sourceTree = "<group>"; };
		272C902B114DDE5300B641C4 /* EventAddViewController.m */ = {isa = PBXFileReference; fileEncoding = 4; lastKnownFileType = sourcecode.c.objc; path = EventAddViewController.m; sourceTree = "<group>"; };
		272C9036114DE48600B641C4 /* EventAddView.xib */ = {isa = PBXFileReference; lastKnownFileType = file.xib; path = EventAddView.xib; sourceTree = "<group>"; };
		272C90901152732C00B641C4 /* MilesTracker 2.xcdatamodel */ = {isa = PBXFileReference; lastKnownFileType = wrapper.xcdatamodel; path = "MilesTracker 2.xcdatamodel"; sourceTree = "<group>"; };
		272C90D11152785A00B641C4 /* Event.h */ = {isa = PBXFileReference; fileEncoding = 4; lastKnownFileType = sourcecode.c.h; path = Event.h; sourceTree = "<group>"; };
		272C90D21152785A00B641C4 /* Event.m */ = {isa = PBXFileReference; fileEncoding = 4; lastKnownFileType = sourcecode.c.objc; path = Event.m; sourceTree = "<group>"; };
		28860B760F44E54D00985440 /* MilesTracker.xcdatamodel */ = {isa = PBXFileReference; fileEncoding = 4; lastKnownFileType = wrapper.xcdatamodel; path = MilesTracker.xcdatamodel; sourceTree = "<group>"; };
		28860BE40F44EE6400985440 /* CoreData.framework */ = {isa = PBXFileReference; lastKnownFileType = wrapper.framework; name = CoreData.framework; path = System/Library/Frameworks/CoreData.framework; sourceTree = SDKROOT; };
		2892E40F0DC94CBA00A64D0F /* CoreGraphics.framework */ = {isa = PBXFileReference; lastKnownFileType = wrapper.framework; name = CoreGraphics.framework; path = System/Library/Frameworks/CoreGraphics.framework; sourceTree = SDKROOT; };
		2899E55F0DE3E45000AC0155 /* HistoryView.xib */ = {isa = PBXFileReference; lastKnownFileType = file.xib; path = HistoryView.xib; sourceTree = "<group>"; };
		28A0AAE50D9B0CCF005BE974 /* MilesTracker_Prefix.pch */ = {isa = PBXFileReference; fileEncoding = 4; lastKnownFileType = sourcecode.c.h; path = MilesTracker_Prefix.pch; sourceTree = "<group>"; };
		28C286DF0D94DF7D0034E888 /* HistoryTableViewController.h */ = {isa = PBXFileReference; fileEncoding = 4; lastKnownFileType = sourcecode.c.h; name = HistoryTableViewController.h; path = Classes/HistoryTableViewController.h; sourceTree = "<group>"; };
		28C286E00D94DF7D0034E888 /* HistoryTableViewController.m */ = {isa = PBXFileReference; fileEncoding = 4; lastKnownFileType = sourcecode.c.objc; name = HistoryTableViewController.m; path = Classes/HistoryTableViewController.m; sourceTree = "<group>"; };
		29B97316FDCFA39411CA2CEA /* main.m */ = {isa = PBXFileReference; fileEncoding = 4; lastKnownFileType = sourcecode.c.objc; path = main.m; sourceTree = "<group>"; };
		8D1107310486CEB800E47090 /* MilesTracker-Info.plist */ = {isa = PBXFileReference; fileEncoding = 4; lastKnownFileType = text.plist.xml; path = "MilesTracker-Info.plist"; plistStructureDefinitionIdentifier = "com.apple.xcode.plist.structure-definition.iphone.info-plist"; sourceTree = "<group>"; };
/* End PBXFileReference section */

/* Begin PBXFrameworksBuildPhase section */
		1D60588F0D05DD3D006BFB54 /* Frameworks */ = {
			isa = PBXFrameworksBuildPhase;
			buildActionMask = 2147483647;
			files = (
				1D60589F0D05DD5A006BFB54 /* Foundation.framework in Frameworks */,
				1DF5F4E00D08C38300B7A737 /* UIKit.framework in Frameworks */,
				2892E4100DC94CBA00A64D0F /* CoreGraphics.framework in Frameworks */,
				28860BE50F44EE6400985440 /* CoreData.framework in Frameworks */,
			);
			runOnlyForDeploymentPostprocessing = 0;
		};
/* End PBXFrameworksBuildPhase section */

/* Begin PBXGroup section */
		080E96DDFE201D6D7F000001 /* Classes */ = {
			isa = PBXGroup;
			children = (
				1D3623240D0F684500981E51 /* MilesTrackerAppDelegate.h */,
				1D3623250D0F684500981E51 /* MilesTrackerAppDelegate.m */,
				272C8DA3114AEEA000B641C4 /* HistoryControllerDelegate.h */,
				272C8DA4114AEEA000B641C4 /* HistoryControllerDelegate.m */,
			);
			path = Classes;
			sourceTree = "<group>";
		};
		19C28FACFE9D520D11CA2CBB /* Products */ = {
			isa = PBXGroup;
			children = (
				1D6058910D05DD3D006BFB54 /* MilesTracker.app */,
			);
			name = Products;
			sourceTree = "<group>";
		};
		272C8F05114B45F800B641C4 /* Views */ = {
			isa = PBXGroup;
			children = (
				2899E55F0DE3E45000AC0155 /* HistoryView.xib */,
				272C8D13114ADD9B00B641C4 /* MainWindow.xib */,
				272C8F0C114B470900B641C4 /* HistoryViewTableCell.xib */,
				272C8D21114ADF6F00B641C4 /* TrackView.xib */,
				272C8D25114ADF7F00B641C4 /* ShareView.xib */,
				272C8D29114ADF8A00B641C4 /* SettingsView.xib */,
				272C8F6C114D997000B641C4 /* EventEditorView.xib */,
				272C9036114DE48600B641C4 /* EventAddView.xib */,
			);
			name = Views;
			sourceTree = "<group>";
		};
		272C8F06114B461F00B641C4 /* Controllers */ = {
			isa = PBXGroup;
			children = (
				272C8D52114AE9EE00B641C4 /* TrackViewController.h */,
				272C8D53114AE9EE00B641C4 /* TrackViewController.m */,
				28C286DF0D94DF7D0034E888 /* HistoryTableViewController.h */,
				28C286E00D94DF7D0034E888 /* HistoryTableViewController.m */,
				272C8D3B114AE73300B641C4 /* SettingsViewController.h */,
				272C8D3C114AE73300B641C4 /* SettingsViewController.m */,
				272C8D47114AE84100B641C4 /* ShareViewController.h */,
				272C8D48114AE84100B641C4 /* ShareViewController.m */,
				272C8F83114DA2FC00B641C4 /* EventEditorViewController.h */,
				272C8F84114DA2FC00B641C4 /* EventEditorViewController.m */,
				272C902A114DDE5300B641C4 /* EventAddViewController.h */,
				272C902B114DDE5300B641C4 /* EventAddViewController.m */,
			);
			name = Controllers;
			sourceTree = "<group>";
		};
		272C8F6F114D9FCD00B641C4 /* Models */ = {
			isa = PBXGroup;
			children = (
				272C90D11152785A00B641C4 /* Event.h */,
				272C90D21152785A00B641C4 /* Event.m */,
			);
			name = Models;
			sourceTree = "<group>";
		};
		29B97314FDCFA39411CA2CEA /* CustomTemplate */ = {
			isa = PBXGroup;
			children = (
				272C8F6F114D9FCD00B641C4 /* Models */,
				272C8F06114B461F00B641C4 /* Controllers */,
				272C8F05114B45F800B641C4 /* Views */,
				080E96DDFE201D6D7F000001 /* Classes */,
				29B97315FDCFA39411CA2CEA /* Other Sources */,
				29B97317FDCFA39411CA2CEA /* Resources */,
				29B97323FDCFA39411CA2CEA /* Frameworks */,
				19C28FACFE9D520D11CA2CBB /* Products */,
			);
			name = CustomTemplate;
			sourceTree = "<group>";
		};
		29B97315FDCFA39411CA2CEA /* Other Sources */ = {
			isa = PBXGroup;
			children = (
				28A0AAE50D9B0CCF005BE974 /* MilesTracker_Prefix.pch */,
				29B97316FDCFA39411CA2CEA /* main.m */,
			);
			name = "Other Sources";
			sourceTree = "<group>";
		};
		29B97317FDCFA39411CA2CEA /* Resources */ = {
			isa = PBXGroup;
			children = (
				272C8D1C114ADED000B641C4 /* track.png */,
				272C8D1A114ADEA400B641C4 /* share.png */,
				272C8D18114ADE9B00B641C4 /* settings.png */,
				272C8D16114ADE8700B641C4 /* history.png */,
				272C908E1152732C00B641C4 /* MilesTracker.xcdatamodeld */,
				8D1107310486CEB800E47090 /* MilesTracker-Info.plist */,
			);
			name = Resources;
			sourceTree = "<group>";
		};
		29B97323FDCFA39411CA2CEA /* Frameworks */ = {
			isa = PBXGroup;
			children = (
				1DF5F4DF0D08C38300B7A737 /* UIKit.framework */,
				1D30AB110D05D00D00671497 /* Foundation.framework */,
				2892E40F0DC94CBA00A64D0F /* CoreGraphics.framework */,
				28860BE40F44EE6400985440 /* CoreData.framework */,
			);
			name = Frameworks;
			sourceTree = "<group>";
		};
/* End PBXGroup section */

/* Begin PBXNativeTarget section */
		1D6058900D05DD3D006BFB54 /* MilesTracker */ = {
			isa = PBXNativeTarget;
			buildConfigurationList = 1D6058960D05DD3E006BFB54 /* Build configuration list for PBXNativeTarget "MilesTracker" */;
			buildPhases = (
				1D60588D0D05DD3D006BFB54 /* Resources */,
				1D60588E0D05DD3D006BFB54 /* Sources */,
				1D60588F0D05DD3D006BFB54 /* Frameworks */,
			);
			buildRules = (
			);
			dependencies = (
			);
			name = MilesTracker;
			productName = MilesTracker;
			productReference = 1D6058910D05DD3D006BFB54 /* MilesTracker.app */;
			productType = "com.apple.product-type.application";
		};
/* End PBXNativeTarget section */

/* Begin PBXProject section */
		29B97313FDCFA39411CA2CEA /* Project object */ = {
			isa = PBXProject;
			buildConfigurationList = C01FCF4E08A954540054247B /* Build configuration list for PBXProject "MilesTracker" */;
			compatibilityVersion = "Xcode 3.1";
			hasScannedForEncodings = 1;
			knownRegions = (
				English,
				Japanese,
				French,
				German,
				en,
			);
			mainGroup = 29B97314FDCFA39411CA2CEA /* CustomTemplate */;
			projectDirPath = "";
			projectRoot = "";
			targets = (
				1D6058900D05DD3D006BFB54 /* MilesTracker */,
			);
		};
/* End PBXProject section */

/* Begin PBXResourcesBuildPhase section */
		1D60588D0D05DD3D006BFB54 /* Resources */ = {
			isa = PBXResourcesBuildPhase;
			buildActionMask = 2147483647;
			files = (
				2899E5600DE3E45000AC0155 /* HistoryView.xib in Resources */,
				272C8D14114ADD9B00B641C4 /* MainWindow.xib in Resources */,
				272C8D17114ADE8700B641C4 /* history.png in Resources */,
				272C8D19114ADE9B00B641C4 /* settings.png in Resources */,
				272C8D1B114ADEA400B641C4 /* share.png in Resources */,
				272C8D1D114ADED000B641C4 /* track.png in Resources */,
				272C8D22114ADF6F00B641C4 /* TrackView.xib in Resources */,
				272C8D26114ADF7F00B641C4 /* ShareView.xib in Resources */,
				272C8D2A114ADF8A00B641C4 /* SettingsView.xib in Resources */,
				272C8F0D114B470900B641C4 /* HistoryViewTableCell.xib in Resources */,
				272C8F6D114D997000B641C4 /* EventEditorView.xib in Resources */,
				272C9037114DE48600B641C4 /* EventAddView.xib in Resources */,
			);
			runOnlyForDeploymentPostprocessing = 0;
		};
/* End PBXResourcesBuildPhase section */

/* Begin PBXSourcesBuildPhase section */
		1D60588E0D05DD3D006BFB54 /* Sources */ = {
			isa = PBXSourcesBuildPhase;
			buildActionMask = 2147483647;
			files = (
				1D60589B0D05DD56006BFB54 /* main.m in Sources */,
				1D3623260D0F684500981E51 /* MilesTrackerAppDelegate.m in Sources */,
				28C286E10D94DF7D0034E888 /* HistoryTableViewController.m in Sources */,
				272C908F1152732C00B641C4 /* MilesTracker.xcdatamodeld in Sources */,
				272C8D3D114AE73300B641C4 /* SettingsViewController.m in Sources */,
				272C8D49114AE84100B641C4 /* ShareViewController.m in Sources */,
				272C8D54114AE9EE00B641C4 /* TrackViewController.m in Sources */,
				272C8DA5114AEEA000B641C4 /* HistoryControllerDelegate.m in Sources */,
				272C8F85114DA2FC00B641C4 /* EventEditorViewController.m in Sources */,
				272C902D114DDE5300B641C4 /* EventAddViewController.m in Sources */,
				272C90D31152785A00B641C4 /* Event.m in Sources */,
			);
			runOnlyForDeploymentPostprocessing = 0;
		};
/* End PBXSourcesBuildPhase section */

/* Begin XCBuildConfiguration section */
		1D6058940D05DD3E006BFB54 /* Debug */ = {
			isa = XCBuildConfiguration;
			buildSettings = {
				ALWAYS_SEARCH_USER_PATHS = NO;
				COPY_PHASE_STRIP = NO;
				GCC_DYNAMIC_NO_PIC = NO;
				GCC_OPTIMIZATION_LEVEL = 0;
				GCC_PRECOMPILE_PREFIX_HEADER = YES;
				GCC_PREFIX_HEADER = MilesTracker_Prefix.pch;
				INFOPLIST_FILE = "MilesTracker-Info.plist";
				PRODUCT_NAME = MilesTracker;
			};
			name = Debug;
		};
		1D6058950D05DD3E006BFB54 /* Release */ = {
			isa = XCBuildConfiguration;
			buildSettings = {
				ALWAYS_SEARCH_USER_PATHS = NO;
				COPY_PHASE_STRIP = YES;
				GCC_PRECOMPILE_PREFIX_HEADER = YES;
				GCC_PREFIX_HEADER = MilesTracker_Prefix.pch;
				INFOPLIST_FILE = "MilesTracker-Info.plist";
				PRODUCT_NAME = MilesTracker;
			};
			name = Release;
		};
		C01FCF4F08A954540054247B /* Debug */ = {
			isa = XCBuildConfiguration;
			buildSettings = {
				ARCHS = "$(ARCHS_STANDARD_32_BIT)";
				"CODE_SIGN_IDENTITY[sdk=iphoneos*]" = "iPhone Developer";
				GCC_C_LANGUAGE_STANDARD = c99;
				GCC_WARN_ABOUT_RETURN_TYPE = YES;
				GCC_WARN_UNUSED_VARIABLE = YES;
				PREBINDING = NO;
				SDKROOT = iphoneos3.1.3;
			};
			name = Debug;
		};
		C01FCF5008A954540054247B /* Release */ = {
			isa = XCBuildConfiguration;
			buildSettings = {
				ARCHS = "$(ARCHS_STANDARD_32_BIT)";
				"CODE_SIGN_IDENTITY[sdk=iphoneos*]" = "iPhone Developer";
				GCC_C_LANGUAGE_STANDARD = c99;
				GCC_WARN_ABOUT_RETURN_TYPE = YES;
				GCC_WARN_UNUSED_VARIABLE = YES;
				PREBINDING = NO;
				SDKROOT = iphoneos3.1.3;
			};
			name = Release;
		};
/* End XCBuildConfiguration section */

/* Begin XCConfigurationList section */
		1D6058960D05DD3E006BFB54 /* Build configuration list for PBXNativeTarget "MilesTracker" */ = {
			isa = XCConfigurationList;
			buildConfigurations = (
				1D6058940D05DD3E006BFB54 /* Debug */,
				1D6058950D05DD3E006BFB54 /* Release */,
			);
			defaultConfigurationIsVisible = 0;
			defaultConfigurationName = Release;
		};
		C01FCF4E08A954540054247B /* Build configuration list for PBXProject "MilesTracker" */ = {
			isa = XCConfigurationList;
			buildConfigurations = (
				C01FCF4F08A954540054247B /* Debug */,
				C01FCF5008A954540054247B /* Release */,
			);
			defaultConfigurationIsVisible = 0;
			defaultConfigurationName = Release;
		};
/* End XCConfigurationList section */

/* Begin XCVersionGroup section */
		272C908E1152732C00B641C4 /* MilesTracker.xcdatamodeld */ = {
			isa = XCVersionGroup;
			children = (
				28860B760F44E54D00985440 /* MilesTracker.xcdatamodel */,
				272C90901152732C00B641C4 /* MilesTracker 2.xcdatamodel */,
			);
			currentVersion = 28860B760F44E54D00985440 /* MilesTracker.xcdatamodel */;
			path = MilesTracker.xcdatamodeld;
			sourceTree = "<group>";
			versionGroupType = wrapper.xcdatamodel;
		};
/* End XCVersionGroup section */
	};
	rootObject = 29B97313FDCFA39411CA2CEA /* Project object */;
}
